
Microsoft Visual Studio Solution File, Format Version 12.00
# Visual Studio 15
Project("{FAE04EC0-301F-11D3-BF4B-00C04F79EFBC}") = "NativeChannels", "NativeChannels.csproj", "{4F5BDB29-6A42-44AF-B94C-00AB59E9A7EF}"
EndProject
Global
	GlobalSection(SolutionConfigurationPlatforms) = preSolution
		Debug|Any CPU = Debug|Any CPU
		Release|Any CPU = Release|Any CPU
	EndGlobalSection
	GlobalSection(ProjectConfigurationPlatforms) = postSolution
		{4F5BDB29-6A42-44AF-B94C-00AB59E9A7EF}.Debug|Any CPU.ActiveCfg = Debug|Any CPU
		{4F5BDB29-6A42-44AF-B94C-00AB59E9A7EF}.Debug|Any CPU.Build.0 = Debug|Any CPU
		{4F5BDB29-6A42-44AF-B94C-00AB59E9A7EF}.Release|Any CPU.ActiveCfg = Release|Any CPU
		{4F5BDB29-6A42-44AF-B94C-00AB59E9A7EF}.Release|Any CPU.Build.0 = Release|Any CPU
	EndGlobalSection
EndGlobal
